
Microsoft Visual Studio Solution File, Format Version 12.00
# Visual Studio Version 16
VisualStudioVersion = 16.0.29911.84
MinimumVisualStudioVersion = 10.0.40219.1
Project("{8BC9CEB8-8B4A-11D0-8D11-00A0C91BC942}") = "Tablica_4x4", "Tablica_4x4\Tablica_4x4.vcxproj", "{CD37496F-3FB1-4628-A1E3-36F026534230}"
EndProject
Global
	GlobalSection(SolutionConfigurationPlatforms) = preSolution
		Debug|x64 = Debug|x64
		Debug|x86 = Debug|x86
		Release|x64 = Release|x64
		Release|x86 = Release|x86
	EndGlobalSection
	GlobalSection(ProjectConfigurationPlatforms) = postSolution
		{CD37496F-3FB1-4628-A1E3-36F026534230}.Debug|x64.ActiveCfg = Debug|x64
		{CD37496F-3FB1-4628-A1E3-36F026534230}.Debug|x64.Build.0 = Debug|x64
		{CD37496F-3FB1-4628-A1E3-36F026534230}.Debug|x86.ActiveCfg = Debug|Win32
		{CD37496F-3FB1-4628-A1E3-36F026534230}.Debug|x86.Build.0 = Debug|Win32
		{CD37496F-3FB1-4628-A1E3-36F026534230}.Release|x64.ActiveCfg = Release|x64
		{CD37496F-3FB1-4628-A1E3-36F026534230}.Release|x64.Build.0 = Release|x64
		{CD37496F-3FB1-4628-A1E3-36F026534230}.Release|x86.ActiveCfg = Release|Win32
		{CD37496F-3FB1-4628-A1E3-36F026534230}.Release|x86.Build.0 = Release|Win32
	EndGlobalSection
	GlobalSection(SolutionProperties) = preSolution
		HideSolutionNode = FALSE
	EndGlobalSection
	GlobalSection(ExtensibilityGlobals) = postSolution
		SolutionGuid = {56401724-F5FC-4943-A253-083C79BAD0D9}
	EndGlobalSection
EndGlobal
